
Microsoft Visual Studio Solution File, Format Version 12.00
# Visual Studio 15
VisualStudioVersion = 15.0.33403.129
MinimumVisualStudioVersion = 10.0.40219.1
Project("{FAE04EC0-301F-11D3-BF4B-00C04F79EFBC}") = "DemoMVCWCF", "DemoMVCWCF\DemoMVCWCF.csproj", "{EF35C04F-6FFC-4159-8CCF-86251AF6258C}"
EndProject
Global
	GlobalSection(SolutionConfigurationPlatforms) = preSolution
		Debug|Any CPU = Debug|Any CPU
		Release|Any CPU = Release|Any CPU
	EndGlobalSection
	GlobalSection(ProjectConfigurationPlatforms) = postSolution
		{EF35C04F-6FFC-4159-8CCF-86251AF6258C}.Debug|Any CPU.ActiveCfg = Debug|Any CPU
		{EF35C04F-6FFC-4159-8CCF-86251AF6258C}.Debug|Any CPU.Build.0 = Debug|Any CPU
		{EF35C04F-6FFC-4159-8CCF-86251AF6258C}.Release|Any CPU.ActiveCfg = Release|Any CPU
		{EF35C04F-6FFC-4159-8CCF-86251AF6258C}.Release|Any CPU.Build.0 = Release|Any CPU
	EndGlobalSection
	GlobalSection(SolutionProperties) = preSolution
		HideSolutionNode = FALSE
	EndGlobalSection
	GlobalSection(ExtensibilityGlobals) = postSolution
		SolutionGuid = {53137CFB-F445-4675-8617-FE2373A4ABF4}
	EndGlobalSection
EndGlobal
